PODS:
  - Alamofire (4.7.3)
  - BSK (0.4.3):
    - Moya
  - Moya (11.0.2):
    - Moya/Core (= 11.0.2)
  - Moya/Core (11.0.2):
    - Alamofire (~> 4.1)
    - Result (~> 3.0)
  - Nimble (7.1.3)
  - Quick (1.3.1)
  - Result (3.2.4)

DEPENDENCIES:
  - BSK (from `../`)
  - Nimble
  - Quick

SPEC REPOS:
  https://github.com/cocoapods/specs.git:
    - Alamofire
    - Moya
    - Nimble
    - Quick
    - Result

EXTERNAL SOURCES:
  BSK:
    :path: "../"

SPEC CHECKSUMS:
  Alamofire: c7287b6e5d7da964a70935e5db17046b7fde6568
  BSK: b0c3ea27250d50e4107713d2ab0df1a615dc0665
  Moya: a725035953bc1c0eb1be505ab903984501d82440
  Nimble: 2839b01d1b31f6a6a7777a221f0d91cf52e8e27b
  Quick: d17304d58d0d169dd0bd1c6e5c28e3318de32a1a
  Result: d2d07204ce72856f1fd9130bbe42c35a7b0fea10

PODFILE CHECKSUM: b7e75e0e779a8810704833fcfa572dc8b74d516e

COCOAPODS: 1.5.3
