PODS:
  - Alamofire (4.5.1)
  - BSK (0.1):
    - Alamofire
    - Moya
  - Moya (10.0.0):
    - Moya/Core (= 10.0.0)
  - Moya/Core (10.0.0):
    - Alamofire (~> 4.1)
    - Result (~> 3.0)
  - Nimble (7.0.2)
  - Quick (1.2.0)
  - Result (3.2.4)

DEPENDENCIES:
  - BSK (from `../`)
  - Nimble (~> 7.0.2)
  - Quick (~> 1.2.0)

EXTERNAL SOURCES:
  BSK:
    :path: ../

SPEC CHECKSUMS:
  Alamofire: 2d95912bf4c34f164fdfc335872e8c312acaea4a
  BSK: bf59c120451f2bad186f7ff4e15f678a546c0f06
  Moya: adb58b0f4e58430db43cc6e2f6ebab1836501186
  Nimble: bfe1f814edabba69ff145cb1283e04ed636a67f2
  Quick: 58d203b1c5e27fff7229c4c1ae445ad7069a7a08
  Result: d2d07204ce72856f1fd9130bbe42c35a7b0fea10

PODFILE CHECKSUM: 0f1e14efd8b0c78fbf2e669e15939dc1fadcb98b

COCOAPODS: 1.2.1
