// !$*UTF8*$!
{
	archiveVersion = 1;
	classes = {
	};
	objectVersion = 48;
	objects = {

/* Begin PBXBuildFile section */
		413424431FA50B65006CD278 /* BSK.framework in Frameworks */ = {isa = PBXBuildFile; fileRef = 413424391FA50B65006CD278 /* BSK.framework */; };
		413424481FA50B65006CD278 /* BSKTests.swift in Sources */ = {isa = PBXBuildFile; fileRef = 413424471FA50B65006CD278 /* BSKTests.swift */; };
		413424541FA50BB8006CD278 /* BSKProvider.swift in Sources */ = {isa = PBXBuildFile; fileRef = 413424531FA50BB8006CD278 /* BSKProvider.swift */; };
		414214581FA8A89A00F89110 /* BSKTransactionDelegate.swift in Sources */ = {isa = PBXBuildFile; fileRef = 414214561FA8A89A00F89110 /* BSKTransactionDelegate.swift */; };
		414214591FA8A89A00F89110 /* BSKError.swift in Sources */ = {isa = PBXBuildFile; fileRef = 414214571FA8A89A00F89110 /* BSKError.swift */; };
		4155F2351FA6809F0025ADAC /* Constants.swift in Sources */ = {isa = PBXBuildFile; fileRef = 4155F2341FA6809F0025ADAC /* Constants.swift */; };
		4155F23A1FA68A250025ADAC /* PaymentType.swift in Sources */ = {isa = PBXBuildFile; fileRef = 4155F2391FA68A250025ADAC /* PaymentType.swift */; };
		41566AEF1FA6282C00280661 /* TransportCard.swift in Sources */ = {isa = PBXBuildFile; fileRef = 41566AEE1FA6282C00280661 /* TransportCard.swift */; };
		41566AF11FA6283800280661 /* PaymentCard.swift in Sources */ = {isa = PBXBuildFile; fileRef = 41566AF01FA6283800280661 /* PaymentCard.swift */; };
		418490651FA9D60200FB215D /* MoyaProvider+CustomAlamofireManager.swift in Sources */ = {isa = PBXBuildFile; fileRef = 418490641FA9D60200FB215D /* MoyaProvider+CustomAlamofireManager.swift */; };
		41CC97AD1FA7587900F33C1E /* BSKAdapter.swift in Sources */ = {isa = PBXBuildFile; fileRef = 41CC97AC1FA7587900F33C1E /* BSKAdapter.swift */; };
/* End PBXBuildFile section */

/* Begin PBXContainerItemProxy section */
		413424441FA50B65006CD278 /* PBXContainerItemProxy */ = {
			isa = PBXContainerItemProxy;
			containerPortal = 413424301FA50B65006CD278 /* Project object */;
			proxyType = 1;
			remoteGlobalIDString = 413424381FA50B65006CD278;
			remoteInfo = BSK;
		};
/* End PBXContainerItemProxy section */

/* Begin PBXFileReference section */
		413424391FA50B65006CD278 /* BSK.framework */ = {isa = PBXFileReference; explicitFileType = wrapper.framework; includeInIndex = 0; path = BSK.framework; sourceTree = BUILT_PRODUCTS_DIR; };
		4134243D1FA50B65006CD278 /* Info.plist */ = {isa = PBXFileReference; lastKnownFileType = text.plist.xml; path = Info.plist; sourceTree = "<group>"; };
		413424421FA50B65006CD278 /* BSKTests.xctest */ = {isa = PBXFileReference; explicitFileType = wrapper.cfbundle; includeInIndex = 0; path = BSKTests.xctest; sourceTree = BUILT_PRODUCTS_DIR; };
		413424471FA50B65006CD278 /* BSKTests.swift */ = {isa = PBXFileReference; lastKnownFileType = sourcecode.swift; path = BSKTests.swift; sourceTree = "<group>"; };
		413424491FA50B65006CD278 /* Info.plist */ = {isa = PBXFileReference; lastKnownFileType = text.plist.xml; path = Info.plist; sourceTree = "<group>"; };
		413424531FA50BB8006CD278 /* BSKProvider.swift */ = {isa = PBXFileReference; lastKnownFileType = sourcecode.swift; path = BSKProvider.swift; sourceTree = "<group>"; };
		414214561FA8A89A00F89110 /* BSKTransactionDelegate.swift */ = {isa = PBXFileReference; fileEncoding = 4; lastKnownFileType = sourcecode.swift; path = BSKTransactionDelegate.swift; sourceTree = "<group>"; };
		414214571FA8A89A00F89110 /* BSKError.swift */ = {isa = PBXFileReference; fileEncoding = 4; lastKnownFileType = sourcecode.swift; path = BSKError.swift; sourceTree = "<group>"; };
		4155F2341FA6809F0025ADAC /* Constants.swift */ = {isa = PBXFileReference; lastKnownFileType = sourcecode.swift; path = Constants.swift; sourceTree = "<group>"; };
		4155F2391FA68A250025ADAC /* PaymentType.swift */ = {isa = PBXFileReference; lastKnownFileType = sourcecode.swift; path = PaymentType.swift; sourceTree = "<group>"; };
		41566AEE1FA6282C00280661 /* TransportCard.swift */ = {isa = PBXFileReference; lastKnownFileType = sourcecode.swift; path = TransportCard.swift; sourceTree = "<group>"; };
		41566AF01FA6283800280661 /* PaymentCard.swift */ = {isa = PBXFileReference; lastKnownFileType = sourcecode.swift; path = PaymentCard.swift; sourceTree = "<group>"; };
		418490641FA9D60200FB215D /* MoyaProvider+CustomAlamofireManager.swift */ = {isa = PBXFileReference; lastKnownFileType = sourcecode.swift; path = "MoyaProvider+CustomAlamofireManager.swift"; sourceTree = "<group>"; };
		41CC97AC1FA7587900F33C1E /* BSKAdapter.swift */ = {isa = PBXFileReference; lastKnownFileType = sourcecode.swift; path = BSKAdapter.swift; sourceTree = "<group>"; };
/* End PBXFileReference section */

/* Begin PBXFrameworksBuildPhase section */
		413424351FA50B65006CD278 /* Frameworks */ = {
			isa = PBXFrameworksBuildPhase;
			buildActionMask = 2147483647;
			files = (
			);
			runOnlyForDeploymentPostprocessing = 0;
		};
		4134243F1FA50B65006CD278 /* Frameworks */ = {
			isa = PBXFrameworksBuildPhase;
			buildActionMask = 2147483647;
			files = (
				413424431FA50B65006CD278 /* BSK.framework in Frameworks */,
			);
			runOnlyForDeploymentPostprocessing = 0;
		};
/* End PBXFrameworksBuildPhase section */

/* Begin PBXGroup section */
		4134242F1FA50B65006CD278 = {
			isa = PBXGroup;
			children = (
				4134243B1FA50B65006CD278 /* BSK */,
				413424461FA50B65006CD278 /* BSKTests */,
				4134243A1FA50B65006CD278 /* Products */,
			);
			sourceTree = "<group>";
		};
		4134243A1FA50B65006CD278 /* Products */ = {
			isa = PBXGroup;
			children = (
				413424391FA50B65006CD278 /* BSK.framework */,
				413424421FA50B65006CD278 /* BSKTests.xctest */,
			);
			name = Products;
			sourceTree = "<group>";
		};
		4134243B1FA50B65006CD278 /* BSK */ = {
			isa = PBXGroup;
			children = (
				4142145A1FA8A8DA00F89110 /* Core */,
				4142145B1FA8A8E600F89110 /* Models */,
				4142145C1FA8A8F600F89110 /* Constants */,
				41742C131FA8BA0900A05A0B /* Extensions */,
				4142145D1FA8A8FC00F89110 /* Supporting Files */,
			);
			path = BSK;
			sourceTree = "<group>";
		};
		413424461FA50B65006CD278 /* BSKTests */ = {
			isa = PBXGroup;
			children = (
				413424471FA50B65006CD278 /* BSKTests.swift */,
				413424491FA50B65006CD278 /* Info.plist */,
			);
			path = BSKTests;
			sourceTree = "<group>";
		};
		4142145A1FA8A8DA00F89110 /* Core */ = {
			isa = PBXGroup;
			children = (
				41CC97AC1FA7587900F33C1E /* BSKAdapter.swift */,
				413424531FA50BB8006CD278 /* BSKProvider.swift */,
				414214571FA8A89A00F89110 /* BSKError.swift */,
				414214561FA8A89A00F89110 /* BSKTransactionDelegate.swift */,
			);
			path = Core;
			sourceTree = "<group>";
		};
		4142145B1FA8A8E600F89110 /* Models */ = {
			isa = PBXGroup;
			children = (
				41566AEE1FA6282C00280661 /* TransportCard.swift */,
				41566AF01FA6283800280661 /* PaymentCard.swift */,
				4155F2391FA68A250025ADAC /* PaymentType.swift */,
			);
			path = Models;
			sourceTree = "<group>";
		};
		4142145C1FA8A8F600F89110 /* Constants */ = {
			isa = PBXGroup;
			children = (
				4155F2341FA6809F0025ADAC /* Constants.swift */,
			);
			path = Constants;
			sourceTree = "<group>";
		};
		4142145D1FA8A8FC00F89110 /* Supporting Files */ = {
			isa = PBXGroup;
			children = (
				4134243D1FA50B65006CD278 /* Info.plist */,
			);
			path = "Supporting Files";
			sourceTree = "<group>";
		};
		41742C131FA8BA0900A05A0B /* Extensions */ = {
			isa = PBXGroup;
			children = (
				418490641FA9D60200FB215D /* MoyaProvider+CustomAlamofireManager.swift */,
			);
			path = Extensions;
			sourceTree = "<group>";
		};
/* End PBXGroup section */

/* Begin PBXHeadersBuildPhase section */
		413424361FA50B65006CD278 /* Headers */ = {
			isa = PBXHeadersBuildPhase;
			buildActionMask = 2147483647;
			files = (
			);
			runOnlyForDeploymentPostprocessing = 0;
		};
/* End PBXHeadersBuildPhase section */

/* Begin PBXNativeTarget section */
		413424381FA50B65006CD278 /* BSK */ = {
			isa = PBXNativeTarget;
			buildConfigurationList = 4134244D1FA50B65006CD278 /* Build configuration list for PBXNativeTarget "BSK" */;
			buildPhases = (
				413424341FA50B65006CD278 /* Sources */,
				413424351FA50B65006CD278 /* Frameworks */,
				413424361FA50B65006CD278 /* Headers */,
				413424371FA50B65006CD278 /* Resources */,
			);
			buildRules = (
			);
			dependencies = (
			);
			name = BSK;
			productName = BSK;
			productReference = 413424391FA50B65006CD278 /* BSK.framework */;
			productType = "com.apple.product-type.framework";
		};
		413424411FA50B65006CD278 /* BSKTests */ = {
			isa = PBXNativeTarget;
			buildConfigurationList = 413424501FA50B65006CD278 /* Build configuration list for PBXNativeTarget "BSKTests" */;
			buildPhases = (
				4134243E1FA50B65006CD278 /* Sources */,
				4134243F1FA50B65006CD278 /* Frameworks */,
				413424401FA50B65006CD278 /* Resources */,
			);
			buildRules = (
			);
			dependencies = (
				413424451FA50B65006CD278 /* PBXTargetDependency */,
			);
			name = BSKTests;
			productName = BSKTests;
			productReference = 413424421FA50B65006CD278 /* BSKTests.xctest */;
			productType = "com.apple.product-type.bundle.unit-test";
		};
/* End PBXNativeTarget section */

/* Begin PBXProject section */
		413424301FA50B65006CD278 /* Project object */ = {
			isa = PBXProject;
			attributes = {
				LastSwiftUpdateCheck = 0900;
				LastUpgradeCheck = 0900;
				ORGANIZATIONNAME = m3g0byt3;
				TargetAttributes = {
					413424381FA50B65006CD278 = {
						CreatedOnToolsVersion = 9.0.1;
						LastSwiftMigration = 0900;
						ProvisioningStyle = Automatic;
					};
					413424411FA50B65006CD278 = {
						CreatedOnToolsVersion = 9.0.1;
						ProvisioningStyle = Automatic;
					};
				};
			};
			buildConfigurationList = 413424331FA50B65006CD278 /* Build configuration list for PBXProject "BSK" */;
			compatibilityVersion = "Xcode 8.0";
			developmentRegion = en;
			hasScannedForEncodings = 0;
			knownRegions = (
				en,
			);
			mainGroup = 4134242F1FA50B65006CD278;
			productRefGroup = 4134243A1FA50B65006CD278 /* Products */;
			projectDirPath = "";
			projectRoot = "";
			targets = (
				413424381FA50B65006CD278 /* BSK */,
				413424411FA50B65006CD278 /* BSKTests */,
			);
		};
/* End PBXProject section */

/* Begin PBXResourcesBuildPhase section */
		413424371FA50B65006CD278 /* Resources */ = {
			isa = PBXResourcesBuildPhase;
			buildActionMask = 2147483647;
			files = (
			);
			runOnlyForDeploymentPostprocessing = 0;
		};
		413424401FA50B65006CD278 /* Resources */ = {
			isa = PBXResourcesBuildPhase;
			buildActionMask = 2147483647;
			files = (
			);
			runOnlyForDeploymentPostprocessing = 0;
		};
/* End PBXResourcesBuildPhase section */

/* Begin PBXSourcesBuildPhase section */
		413424341FA50B65006CD278 /* Sources */ = {
			isa = PBXSourcesBuildPhase;
			buildActionMask = 2147483647;
			files = (
				413424541FA50BB8006CD278 /* BSKProvider.swift in Sources */,
				414214581FA8A89A00F89110 /* BSKTransactionDelegate.swift in Sources */,
				418490651FA9D60200FB215D /* MoyaProvider+CustomAlamofireManager.swift in Sources */,
				41566AEF1FA6282C00280661 /* TransportCard.swift in Sources */,
				41566AF11FA6283800280661 /* PaymentCard.swift in Sources */,
				4155F23A1FA68A250025ADAC /* PaymentType.swift in Sources */,
				414214591FA8A89A00F89110 /* BSKError.swift in Sources */,
				41CC97AD1FA7587900F33C1E /* BSKAdapter.swift in Sources */,
				4155F2351FA6809F0025ADAC /* Constants.swift in Sources */,
			);
			runOnlyForDeploymentPostprocessing = 0;
		};
		4134243E1FA50B65006CD278 /* Sources */ = {
			isa = PBXSourcesBuildPhase;
			buildActionMask = 2147483647;
			files = (
				413424481FA50B65006CD278 /* BSKTests.swift in Sources */,
			);
			runOnlyForDeploymentPostprocessing = 0;
		};
/* End PBXSourcesBuildPhase section */

/* Begin PBXTargetDependency section */
		413424451FA50B65006CD278 /* PBXTargetDependency */ = {
			isa = PBXTargetDependency;
			target = 413424381FA50B65006CD278 /* BSK */;
			targetProxy = 413424441FA50B65006CD278 /* PBXContainerItemProxy */;
		};
/* End PBXTargetDependency section */

/* Begin XCBuildConfiguration section */
		4134244B1FA50B65006CD278 /* Debug */ = {
			isa = XCBuildConfiguration;
			buildSettings = {
				ALWAYS_SEARCH_USER_PATHS = NO;
				CLANG_ANALYZER_NONNULL = YES;
				CLANG_ANALYZER_NUMBER_OBJECT_CONVERSION = YES_AGGRESSIVE;
				CLANG_CXX_LANGUAGE_STANDARD = "gnu++14";
				CLANG_CXX_LIBRARY = "libc++";
				CLANG_ENABLE_MODULES = YES;
				CLANG_ENABLE_OBJC_ARC = YES;
				CLANG_WARN_BLOCK_CAPTURE_AUTORELEASING = YES;
				CLANG_WARN_BOOL_CONVERSION = YES;
				CLANG_WARN_COMMA = YES;
				CLANG_WARN_CONSTANT_CONVERSION = YES;
				CLANG_WARN_DIRECT_OBJC_ISA_USAGE = YES_ERROR;
				CLANG_WARN_DOCUMENTATION_COMMENTS = YES;
				CLANG_WARN_EMPTY_BODY = YES;
				CLANG_WARN_ENUM_CONVERSION = YES;
				CLANG_WARN_INFINITE_RECURSION = YES;
				CLANG_WARN_INT_CONVERSION = YES;
				CLANG_WARN_NON_LITERAL_NULL_CONVERSION = YES;
				CLANG_WARN_OBJC_LITERAL_CONVERSION = YES;
				CLANG_WARN_OBJC_ROOT_CLASS = YES_ERROR;
				CLANG_WARN_RANGE_LOOP_ANALYSIS = YES;
				CLANG_WARN_STRICT_PROTOTYPES = YES;
				CLANG_WARN_SUSPICIOUS_MOVE = YES;
				CLANG_WARN_UNGUARDED_AVAILABILITY = YES_AGGRESSIVE;
				CLANG_WARN_UNREACHABLE_CODE = YES;
				CLANG_WARN__DUPLICATE_METHOD_MATCH = YES;
				CODE_SIGN_IDENTITY = "iPhone Developer";
				COPY_PHASE_STRIP = NO;
				CURRENT_PROJECT_VERSION = 1;
				DEBUG_INFORMATION_FORMAT = dwarf;
				ENABLE_STRICT_OBJC_MSGSEND = YES;
				ENABLE_TESTABILITY = YES;
				GCC_C_LANGUAGE_STANDARD = gnu11;
				GCC_DYNAMIC_NO_PIC = NO;
				GCC_NO_COMMON_BLOCKS = YES;
				GCC_OPTIMIZATION_LEVEL = 0;
				GCC_PREPROCESSOR_DEFINITIONS = (
					"DEBUG=1",
					"$(inherited)",
				);
				GCC_WARN_64_TO_32_BIT_CONVERSION = YES;
				GCC_WARN_ABOUT_RETURN_TYPE = YES_ERROR;
				GCC_WARN_UNDECLARED_SELECTOR = YES;
				GCC_WARN_UNINITIALIZED_AUTOS = YES_AGGRESSIVE;
				GCC_WARN_UNUSED_FUNCTION = YES;
				GCC_WARN_UNUSED_VARIABLE = YES;
				INFOPLIST_FILE = "";
				IPHONEOS_DEPLOYMENT_TARGET = 9.3;
				MTL_ENABLE_DEBUG_INFO = YES;
				ONLY_ACTIVE_ARCH = YES;
				SDKROOT = iphoneos;
				SWIFT_ACTIVE_COMPILATION_CONDITIONS = DEBUG;
				SWIFT_OPTIMIZATION_LEVEL = "-Onone";
				SWIFT_VERSION = 3.0;
				VERSIONING_SYSTEM = "apple-generic";
				VERSION_INFO_PREFIX = "";
			};
			name = Debug;
		};
		4134244C1FA50B65006CD278 /* Release */ = {
			isa = XCBuildConfiguration;
			buildSettings = {
				ALWAYS_SEARCH_USER_PATHS = NO;
				CLANG_ANALYZER_NONNULL = YES;
				CLANG_ANALYZER_NUMBER_OBJECT_CONVERSION = YES_AGGRESSIVE;
				CLANG_CXX_LANGUAGE_STANDARD = "gnu++14";
				CLANG_CXX_LIBRARY = "libc++";
				CLANG_ENABLE_MODULES = YES;
				CLANG_ENABLE_OBJC_ARC = YES;
				CLANG_WARN_BLOCK_CAPTURE_AUTORELEASING = YES;
				CLANG_WARN_BOOL_CONVERSION = YES;
				CLANG_WARN_COMMA = YES;
				CLANG_WARN_CONSTANT_CONVERSION = YES;
				CLANG_WARN_DIRECT_OBJC_ISA_USAGE = YES_ERROR;
				CLANG_WARN_DOCUMENTATION_COMMENTS = YES;
				CLANG_WARN_EMPTY_BODY = YES;
				CLANG_WARN_ENUM_CONVERSION = YES;
				CLANG_WARN_INFINITE_RECURSION = YES;
				CLANG_WARN_INT_CONVERSION = YES;
				CLANG_WARN_NON_LITERAL_NULL_CONVERSION = YES;
				CLANG_WARN_OBJC_LITERAL_CONVERSION = YES;
				CLANG_WARN_OBJC_ROOT_CLASS = YES_ERROR;
				CLANG_WARN_RANGE_LOOP_ANALYSIS = YES;
				CLANG_WARN_STRICT_PROTOTYPES = YES;
				CLANG_WARN_SUSPICIOUS_MOVE = YES;
				CLANG_WARN_UNGUARDED_AVAILABILITY = YES_AGGRESSIVE;
				CLANG_WARN_UNREACHABLE_CODE = YES;
				CLANG_WARN__DUPLICATE_METHOD_MATCH = YES;
				CODE_SIGN_IDENTITY = "iPhone Developer";
				COPY_PHASE_STRIP = NO;
				CURRENT_PROJECT_VERSION = 1;
				DEBUG_INFORMATION_FORMAT = "dwarf-with-dsym";
				ENABLE_NS_ASSERTIONS = NO;
				ENABLE_STRICT_OBJC_MSGSEND = YES;
				GCC_C_LANGUAGE_STANDARD = gnu11;
				GCC_NO_COMMON_BLOCKS = YES;
				GCC_WARN_64_TO_32_BIT_CONVERSION = YES;
				GCC_WARN_ABOUT_RETURN_TYPE = YES_ERROR;
				GCC_WARN_UNDECLARED_SELECTOR = YES;
				GCC_WARN_UNINITIALIZED_AUTOS = YES_AGGRESSIVE;
				GCC_WARN_UNUSED_FUNCTION = YES;
				GCC_WARN_UNUSED_VARIABLE = YES;
				INFOPLIST_FILE = "";
				IPHONEOS_DEPLOYMENT_TARGET = 9.3;
				MTL_ENABLE_DEBUG_INFO = NO;
				SDKROOT = iphoneos;
				SWIFT_OPTIMIZATION_LEVEL = "-Owholemodule";
				SWIFT_VERSION = 3.0;
				VALIDATE_PRODUCT = YES;
				VERSIONING_SYSTEM = "apple-generic";
				VERSION_INFO_PREFIX = "";
			};
			name = Release;
		};
		4134244E1FA50B65006CD278 /* Debug */ = {
			isa = XCBuildConfiguration;
			buildSettings = {
				CLANG_ENABLE_MODULES = YES;
				CODE_SIGN_IDENTITY = "";
				CODE_SIGN_STYLE = Automatic;
				DEFINES_MODULE = YES;
				DEVELOPMENT_TEAM = 49BLJJ9CJU;
				DYLIB_COMPATIBILITY_VERSION = 1;
				DYLIB_CURRENT_VERSION = 1;
				DYLIB_INSTALL_NAME_BASE = "@rpath";
				INFOPLIST_FILE = "BSK/Supporting Files/Info.plist";
				INSTALL_PATH = "$(LOCAL_LIBRARY_DIR)/Frameworks";
				IPHONEOS_DEPLOYMENT_TARGET = 9.3;
				LD_RUNPATH_SEARCH_PATHS = "$(inherited) @executable_path/Frameworks @loader_path/Frameworks";
				MODULEMAP_FILE = "";
				PRODUCT_BUNDLE_IDENTIFIER = com.m3g0byt3.BSK;
				PRODUCT_NAME = "$(TARGET_NAME:c99extidentifier)";
				SKIP_INSTALL = YES;
				SWIFT_OPTIMIZATION_LEVEL = "-Onone";
				SWIFT_VERSION = 3.2;
				TARGETED_DEVICE_FAMILY = "1,2";
			};
			name = Debug;
		};
		4134244F1FA50B65006CD278 /* Release */ = {
			isa = XCBuildConfiguration;
			buildSettings = {
				CLANG_ENABLE_MODULES = YES;
				CODE_SIGN_IDENTITY = "";
				CODE_SIGN_STYLE = Automatic;
				DEFINES_MODULE = YES;
				DEVELOPMENT_TEAM = 49BLJJ9CJU;
				DYLIB_COMPATIBILITY_VERSION = 1;
				DYLIB_CURRENT_VERSION = 1;
				DYLIB_INSTALL_NAME_BASE = "@rpath";
				INFOPLIST_FILE = "BSK/Supporting Files/Info.plist";
				INSTALL_PATH = "$(LOCAL_LIBRARY_DIR)/Frameworks";
				IPHONEOS_DEPLOYMENT_TARGET = 9.3;
				LD_RUNPATH_SEARCH_PATHS = "$(inherited) @executable_path/Frameworks @loader_path/Frameworks";
				MODULEMAP_FILE = "";
				PRODUCT_BUNDLE_IDENTIFIER = com.m3g0byt3.BSK;
				PRODUCT_NAME = "$(TARGET_NAME:c99extidentifier)";
				SKIP_INSTALL = YES;
				SWIFT_VERSION = 3.2;
				TARGETED_DEVICE_FAMILY = "1,2";
			};
			name = Release;
		};
		413424511FA50B65006CD278 /* Debug */ = {
			isa = XCBuildConfiguration;
			buildSettings = {
				ALWAYS_EMBED_SWIFT_STANDARD_LIBRARIES = YES;
				CODE_SIGN_STYLE = Automatic;
				DEVELOPMENT_TEAM = 49BLJJ9CJU;
				INFOPLIST_FILE = BSKTests/Info.plist;
				LD_RUNPATH_SEARCH_PATHS = "$(inherited) @executable_path/Frameworks @loader_path/Frameworks";
				PRODUCT_BUNDLE_IDENTIFIER = com.m3g0byt3.BSKTests;
				PRODUCT_NAME = "$(TARGET_NAME)";
				SWIFT_VERSION = 4.0;
				TARGETED_DEVICE_FAMILY = "1,2";
			};
			name = Debug;
		};
		413424521FA50B65006CD278 /* Release */ = {
			isa = XCBuildConfiguration;
			buildSettings = {
				ALWAYS_EMBED_SWIFT_STANDARD_LIBRARIES = YES;
				CODE_SIGN_STYLE = Automatic;
				DEVELOPMENT_TEAM = 49BLJJ9CJU;
				INFOPLIST_FILE = BSKTests/Info.plist;
				LD_RUNPATH_SEARCH_PATHS = "$(inherited) @executable_path/Frameworks @loader_path/Frameworks";
				PRODUCT_BUNDLE_IDENTIFIER = com.m3g0byt3.BSKTests;
				PRODUCT_NAME = "$(TARGET_NAME)";
				SWIFT_VERSION = 4.0;
				TARGETED_DEVICE_FAMILY = "1,2";
			};
			name = Release;
		};
/* End XCBuildConfiguration section */

/* Begin XCConfigurationList section */
		413424331FA50B65006CD278 /* Build configuration list for PBXProject "BSK" */ = {
			isa = XCConfigurationList;
			buildConfigurations = (
				4134244B1FA50B65006CD278 /* Debug */,
				4134244C1FA50B65006CD278 /* Release */,
			);
			defaultConfigurationIsVisible = 0;
			defaultConfigurationName = Release;
		};
		4134244D1FA50B65006CD278 /* Build configuration list for PBXNativeTarget "BSK" */ = {
			isa = XCConfigurationList;
			buildConfigurations = (
				4134244E1FA50B65006CD278 /* Debug */,
				4134244F1FA50B65006CD278 /* Release */,
			);
			defaultConfigurationIsVisible = 0;
			defaultConfigurationName = Release;
		};
		413424501FA50B65006CD278 /* Build configuration list for PBXNativeTarget "BSKTests" */ = {
			isa = XCConfigurationList;
			buildConfigurations = (
				413424511FA50B65006CD278 /* Debug */,
				413424521FA50B65006CD278 /* Release */,
			);
			defaultConfigurationIsVisible = 0;
			defaultConfigurationName = Release;
		};
/* End XCConfigurationList section */
	};
	rootObject = 413424301FA50B65006CD278 /* Project object */;
}
